
Microsoft Visual Studio Solution File, Format Version 12.00
# Visual Studio 15
VisualStudioVersion = 15.0.28307.136
MinimumVisualStudioVersion = 10.0.40219.1
Project("{888888A0-9F3D-457C-B088-3A5042F75D52}") = "aProject0", "Project0\aProject0.pyproj", "{7FEDF8C1-B1BE-4CDC-8B7D-A3F03F2EBF14}"
EndProject
Project("{888888A0-9F3D-457C-B088-3A5042F75D52}") = "TTL", "TTL\TTL.pyproj", "{C010D9C7-6667-4336-92E2-F961D2790828}"
EndProject
Project("{888888A0-9F3D-457C-B088-3A5042F75D52}") = "MLDD", "MLDD\MLDD.pyproj", "{9C0F6E26-8ECE-402B-9A03-08B29B7E3A27}"
EndProject
Project("{888888A0-9F3D-457C-B088-3A5042F75D52}") = "PythonApplication1", "PythonApplication1\PythonApplication1.pyproj", "{C8E1E338-0E0F-42A1-9E7C-D66EDDFA5E90}"
EndProject
Global
	GlobalSection(SolutionConfigurationPlatforms) = preSolution
		Debug|Any CPU = Debug|Any CPU
		Release|Any CPU = Release|Any CPU
	EndGlobalSection
	GlobalSection(ProjectConfigurationPlatforms) = postSolution
		{7FEDF8C1-B1BE-4CDC-8B7D-A3F03F2EBF14}.Debug|Any CPU.ActiveCfg = Debug|Any CPU
		{7FEDF8C1-B1BE-4CDC-8B7D-A3F03F2EBF14}.Debug|Any CPU.Build.0 = Debug|Any CPU
		{7FEDF8C1-B1BE-4CDC-8B7D-A3F03F2EBF14}.Release|Any CPU.ActiveCfg = Release|Any CPU
		{7FEDF8C1-B1BE-4CDC-8B7D-A3F03F2EBF14}.Release|Any CPU.Build.0 = Release|Any CPU
		{C010D9C7-6667-4336-92E2-F961D2790828}.Debug|Any CPU.ActiveCfg = Debug|Any CPU
		{C010D9C7-6667-4336-92E2-F961D2790828}.Debug|Any CPU.Build.0 = Debug|Any CPU
		{C010D9C7-6667-4336-92E2-F961D2790828}.Release|Any CPU.ActiveCfg = Release|Any CPU
		{C010D9C7-6667-4336-92E2-F961D2790828}.Release|Any CPU.Build.0 = Release|Any CPU
		{9C0F6E26-8ECE-402B-9A03-08B29B7E3A27}.Debug|Any CPU.ActiveCfg = Debug|Any CPU
		{9C0F6E26-8ECE-402B-9A03-08B29B7E3A27}.Debug|Any CPU.Build.0 = Debug|Any CPU
		{9C0F6E26-8ECE-402B-9A03-08B29B7E3A27}.Release|Any CPU.ActiveCfg = Release|Any CPU
		{9C0F6E26-8ECE-402B-9A03-08B29B7E3A27}.Release|Any CPU.Build.0 = Release|Any CPU
		{C8E1E338-0E0F-42A1-9E7C-D66EDDFA5E90}.Debug|Any CPU.ActiveCfg = Debug|Any CPU
		{C8E1E338-0E0F-42A1-9E7C-D66EDDFA5E90}.Release|Any CPU.ActiveCfg = Release|Any CPU
	EndGlobalSection
	GlobalSection(SolutionProperties) = preSolution
		HideSolutionNode = FALSE
	EndGlobalSection
	GlobalSection(ExtensibilityGlobals) = postSolution
		SolutionGuid = {95DE43A1-4EC7-4F5B-8DAA-495D47E64423}
	EndGlobalSection
EndGlobal
